// !$*UTF8*$!
{
	archiveVersion = 1;
	classes = {
	};
	objectVersion = 46;
	objects = {

/* Begin PBXBuildFile section */
		7851A7A619C8775600540527 /* AppDelegate.swift in Sources */ = {isa = PBXBuildFile; fileRef = 7851A7A519C8775600540527 /* AppDelegate.swift */; };
		7851A7A919C8775600540527 /* RotateScreenPractice.xcdatamodeld in Sources */ = {isa = PBXBuildFile; fileRef = 7851A7A719C8775600540527 /* RotateScreenPractice.xcdatamodeld */; };
		7851A7AB19C8775600540527 /* ViewController.swift in Sources */ = {isa = PBXBuildFile; fileRef = 7851A7AA19C8775600540527 /* ViewController.swift */; };
		7851A7AE19C8775600540527 /* Main.storyboard in Resources */ = {isa = PBXBuildFile; fileRef = 7851A7AC19C8775600540527 /* Main.storyboard */; };
		7851A7B019C8775600540527 /* Images.xcassets in Resources */ = {isa = PBXBuildFile; fileRef = 7851A7AF19C8775600540527 /* Images.xcassets */; };
		7851A7B319C8775600540527 /* LaunchScreen.xib in Resources */ = {isa = PBXBuildFile; fileRef = 7851A7B119C8775600540527 /* LaunchScreen.xib */; };
		7851A7BF19C8775600540527 /* RotateScreenPracticeTests.swift in Sources */ = {isa = PBXBuildFile; fileRef = 7851A7BE19C8775600540527 /* RotateScreenPracticeTests.swift */; };
/* End PBXBuildFile section */

/* Begin PBXContainerItemProxy section */
		7851A7B919C8775600540527 /* PBXContainerItemProxy */ = {
			isa = PBXContainerItemProxy;
			containerPortal = 7851A79819C8775600540527 /* Project object */;
			proxyType = 1;
			remoteGlobalIDString = 7851A79F19C8775600540527;
			remoteInfo = RotateScreenPractice;
		};
/* End PBXContainerItemProxy section */

/* Begin PBXFileReference section */
		7851A7A019C8775600540527 /* RotateScreenPractice.app */ = {isa = PBXFileReference; explicitFileType = wrapper.application; includeInIndex = 0; path = RotateScreenPractice.app; sourceTree = BUILT_PRODUCTS_DIR; };
		7851A7A419C8775600540527 /* Info.plist */ = {isa = PBXFileReference; lastKnownFileType = text.plist.xml; path = Info.plist; sourceTree = "<group>"; };
		7851A7A519C8775600540527 /* AppDelegate.swift */ = {isa = PBXFileReference; lastKnownFileType = sourcecode.swift; path = AppDelegate.swift; sourceTree = "<group>"; };
		7851A7A819C8775600540527 /* RotateScreenPractice.xcdatamodel */ = {isa = PBXFileReference; lastKnownFileType = wrapper.xcdatamodel; path = RotateScreenPractice.xcdatamodel; sourceTree = "<group>"; };
		7851A7AA19C8775600540527 /* ViewController.swift */ = {isa = PBXFileReference; lastKnownFileType = sourcecode.swift; path = ViewController.swift; sourceTree = "<group>"; };
		7851A7AD19C8775600540527 /* Base */ = {isa = PBXFileReference; lastKnownFileType = file.storyboard; name = Base; path = Base.lproj/Main.storyboard; sourceTree = "<group>"; };
		7851A7AF19C8775600540527 /* Images.xcassets */ = {isa = PBXFileReference; lastKnownFileType = folder.assetcatalog; path = Images.xcassets; sourceTree = "<group>"; };
		7851A7B219C8775600540527 /* Base */ = {isa = PBXFileReference; lastKnownFileType = file.xib; name = Base; path = Base.lproj/LaunchScreen.xib; sourceTree = "<group>"; };
		7851A7B819C8775600540527 /* RotateScreenPracticeTests.xctest */ = {isa = PBXFileReference; explicitFileType = wrapper.cfbundle; includeInIndex = 0; path = RotateScreenPracticeTests.xctest; sourceTree = BUILT_PRODUCTS_DIR; };
		7851A7BD19C8775600540527 /* Info.plist */ = {isa = PBXFileReference; lastKnownFileType = text.plist.xml; path = Info.plist; sourceTree = "<group>"; };
		7851A7BE19C8775600540527 /* RotateScreenPracticeTests.swift */ = {isa = PBXFileReference; lastKnownFileType = sourcecode.swift; path = RotateScreenPracticeTests.swift; sourceTree = "<group>"; };
/* End PBXFileReference section */

/* Begin PBXFrameworksBuildPhase section */
		7851A79D19C8775600540527 /* Frameworks */ = {
			isa = PBXFrameworksBuildPhase;
			buildActionMask = 2147483647;
			files = (
			);
			runOnlyForDeploymentPostprocessing = 0;
		};
		7851A7B519C8775600540527 /* Frameworks */ = {
			isa = PBXFrameworksBuildPhase;
			buildActionMask = 2147483647;
			files = (
			);
			runOnlyForDeploymentPostprocessing = 0;
		};
/* End PBXFrameworksBuildPhase section */

/* Begin PBXGroup section */
		7851A79719C8775600540527 = {
			isa = PBXGroup;
			children = (
				7851A7A219C8775600540527 /* RotateScreenPractice */,
				7851A7BB19C8775600540527 /* RotateScreenPracticeTests */,
				7851A7A119C8775600540527 /* Products */,
			);
			sourceTree = "<group>";
		};
		7851A7A119C8775600540527 /* Products */ = {
			isa = PBXGroup;
			children = (
				7851A7A019C8775600540527 /* RotateScreenPractice.app */,
				7851A7B819C8775600540527 /* RotateScreenPracticeTests.xctest */,
			);
			name = Products;
			sourceTree = "<group>";
		};
		7851A7A219C8775600540527 /* RotateScreenPractice */ = {
			isa = PBXGroup;
			children = (
				7851A7A519C8775600540527 /* AppDelegate.swift */,
				7851A7AA19C8775600540527 /* ViewController.swift */,
				7851A7AC19C8775600540527 /* Main.storyboard */,
				7851A7AF19C8775600540527 /* Images.xcassets */,
				7851A7B119C8775600540527 /* LaunchScreen.xib */,
				7851A7A719C8775600540527 /* RotateScreenPractice.xcdatamodeld */,
				7851A7A319C8775600540527 /* Supporting Files */,
			);
			path = RotateScreenPractice;
			sourceTree = "<group>";
		};
		7851A7A319C8775600540527 /* Supporting Files */ = {
			isa = PBXGroup;
			children = (
				7851A7A419C8775600540527 /* Info.plist */,
			);
			name = "Supporting Files";
			sourceTree = "<group>";
		};
		7851A7BB19C8775600540527 /* RotateScreenPracticeTests */ = {
			isa = PBXGroup;
			children = (
				7851A7BE19C8775600540527 /* RotateScreenPracticeTests.swift */,
				7851A7BC19C8775600540527 /* Supporting Files */,
			);
			path = RotateScreenPracticeTests;
			sourceTree = "<group>";
		};
		7851A7BC19C8775600540527 /* Supporting Files */ = {
			isa = PBXGroup;
			children = (
				7851A7BD19C8775600540527 /* Info.plist */,
			);
			name = "Supporting Files";
			sourceTree = "<group>";
		};
/* End PBXGroup section */

/* Begin PBXNativeTarget section */
		7851A79F19C8775600540527 /* RotateScreenPractice */ = {
			isa = PBXNativeTarget;
			buildConfigurationList = 7851A7C219C8775600540527 /* Build configuration list for PBXNativeTarget "RotateScreenPractice" */;
			buildPhases = (
				7851A79C19C8775600540527 /* Sources */,
				7851A79D19C8775600540527 /* Frameworks */,
				7851A79E19C8775600540527 /* Resources */,
			);
			buildRules = (
			);
			dependencies = (
			);
			name = RotateScreenPractice;
			productName = RotateScreenPractice;
			productReference = 7851A7A019C8775600540527 /* RotateScreenPractice.app */;
			productType = "com.apple.product-type.application";
		};
		7851A7B719C8775600540527 /* RotateScreenPracticeTests */ = {
			isa = PBXNativeTarget;
			buildConfigurationList = 7851A7C519C8775600540527 /* Build configuration list for PBXNativeTarget "RotateScreenPracticeTests" */;
			buildPhases = (
				7851A7B419C8775600540527 /* Sources */,
				7851A7B519C8775600540527 /* Frameworks */,
				7851A7B619C8775600540527 /* Resources */,
			);
			buildRules = (
			);
			dependencies = (
				7851A7BA19C8775600540527 /* PBXTargetDependency */,
			);
			name = RotateScreenPracticeTests;
			productName = RotateScreenPracticeTests;
			productReference = 7851A7B819C8775600540527 /* RotateScreenPracticeTests.xctest */;
			productType = "com.apple.product-type.bundle.unit-test";
		};
/* End PBXNativeTarget section */

/* Begin PBXProject section */
		7851A79819C8775600540527 /* Project object */ = {
			isa = PBXProject;
			attributes = {
				LastUpgradeCheck = 0600;
				ORGANIZATIONNAME = "Daiwei Lu";
				TargetAttributes = {
					7851A79F19C8775600540527 = {
						CreatedOnToolsVersion = 6.1;
					};
					7851A7B719C8775600540527 = {
						CreatedOnToolsVersion = 6.1;
						TestTargetID = 7851A79F19C8775600540527;
					};
				};
			};
			buildConfigurationList = 7851A79B19C8775600540527 /* Build configuration list for PBXProject "RotateScreenPractice" */;
			compatibilityVersion = "Xcode 3.2";
			developmentRegion = English;
			hasScannedForEncodings = 0;
			knownRegions = (
				en,
				Base,
			);
			mainGroup = 7851A79719C8775600540527;
			productRefGroup = 7851A7A119C8775600540527 /* Products */;
			projectDirPath = "";
			projectRoot = "";
			targets = (
				7851A79F19C8775600540527 /* RotateScreenPractice */,
				7851A7B719C8775600540527 /* RotateScreenPracticeTests */,
			);
		};
/* End PBXProject section */

/* Begin PBXResourcesBuildPhase section */
		7851A79E19C8775600540527 /* Resources */ = {
			isa = PBXResourcesBuildPhase;
			buildActionMask = 2147483647;
			files = (
				7851A7AE19C8775600540527 /* Main.storyboard in Resources */,
				7851A7B319C8775600540527 /* LaunchScreen.xib in Resources */,
				7851A7B019C8775600540527 /* Images.xcassets in Resources */,
			);
			runOnlyForDeploymentPostprocessing = 0;
		};
		7851A7B619C8775600540527 /* Resources */ = {
			isa = PBXResourcesBuildPhase;
			buildActionMask = 2147483647;
			files = (
			);
			runOnlyForDeploymentPostprocessing = 0;
		};
/* End PBXResourcesBuildPhase section */

/* Begin PBXSourcesBuildPhase section */
		7851A79C19C8775600540527 /* Sources */ = {
			isa = PBXSourcesBuildPhase;
			buildActionMask = 2147483647;
			files = (
				7851A7AB19C8775600540527 /* ViewController.swift in Sources */,
				7851A7A619C8775600540527 /* AppDelegate.swift in Sources */,
				7851A7A919C8775600540527 /* RotateScreenPractice.xcdatamodeld in Sources */,
			);
			runOnlyForDeploymentPostprocessing = 0;
		};
		7851A7B419C8775600540527 /* Sources */ = {
			isa = PBXSourcesBuildPhase;
			buildActionMask = 2147483647;
			files = (
				7851A7BF19C8775600540527 /* RotateScreenPracticeTests.swift in Sources */,
			);
			runOnlyForDeploymentPostprocessing = 0;
		};
/* End PBXSourcesBuildPhase section */

/* Begin PBXTargetDependency section */
		7851A7BA19C8775600540527 /* PBXTargetDependency */ = {
			isa = PBXTargetDependency;
			target = 7851A79F19C8775600540527 /* RotateScreenPractice */;
			targetProxy = 7851A7B919C8775600540527 /* PBXContainerItemProxy */;
		};
/* End PBXTargetDependency section */

/* Begin PBXVariantGroup section */
		7851A7AC19C8775600540527 /* Main.storyboard */ = {
			isa = PBXVariantGroup;
			children = (
				7851A7AD19C8775600540527 /* Base */,
			);
			name = Main.storyboard;
			sourceTree = "<group>";
		};
		7851A7B119C8775600540527 /* LaunchScreen.xib */ = {
			isa = PBXVariantGroup;
			children = (
				7851A7B219C8775600540527 /* Base */,
			);
			name = LaunchScreen.xib;
			sourceTree = "<group>";
		};
/* End PBXVariantGroup section */

/* Begin XCBuildConfiguration section */
		7851A7C019C8775600540527 /* Debug */ = {
			isa = XCBuildConfiguration;
			buildSettings = {
				ALWAYS_SEARCH_USER_PATHS = NO;
				CLANG_CXX_LANGUAGE_STANDARD = "gnu++0x";
				CLANG_CXX_LIBRARY = "libc++";
				CLANG_ENABLE_MODULES = YES;
				CLANG_ENABLE_OBJC_ARC = YES;
				CLANG_WARN_BOOL_CONVERSION = YES;
				CLANG_WARN_CONSTANT_CONVERSION = YES;
				CLANG_WARN_DIRECT_OBJC_ISA_USAGE = YES_ERROR;
				CLANG_WARN_EMPTY_BODY = YES;
				CLANG_WARN_ENUM_CONVERSION = YES;
				CLANG_WARN_INT_CONVERSION = YES;
				CLANG_WARN_OBJC_ROOT_CLASS = YES_ERROR;
				CLANG_WARN_UNREACHABLE_CODE = YES;
				CLANG_WARN__DUPLICATE_METHOD_MATCH = YES;
				"CODE_SIGN_IDENTITY[sdk=iphoneos*]" = "iPhone Developer";
				COPY_PHASE_STRIP = NO;
				ENABLE_STRICT_OBJC_MSGSEND = YES;
				GCC_C_LANGUAGE_STANDARD = gnu99;
				GCC_DYNAMIC_NO_PIC = NO;
				GCC_OPTIMIZATION_LEVEL = 0;
				GCC_PREPROCESSOR_DEFINITIONS = (
					"DEBUG=1",
					"$(inherited)",
				);
				GCC_SYMBOLS_PRIVATE_EXTERN = NO;
				GCC_WARN_64_TO_32_BIT_CONVERSION = YES;
				GCC_WARN_ABOUT_RETURN_TYPE = YES_ERROR;
				GCC_WARN_UNDECLARED_SELECTOR = YES;
				GCC_WARN_UNINITIALIZED_AUTOS = YES_AGGRESSIVE;
				GCC_WARN_UNUSED_FUNCTION = YES;
				GCC_WARN_UNUSED_VARIABLE = YES;
				IPHONEOS_DEPLOYMENT_TARGET = 8.0;
				MTL_ENABLE_DEBUG_INFO = YES;
				ONLY_ACTIVE_ARCH = YES;
				SDKROOT = iphoneos;
				SWIFT_OPTIMIZATION_LEVEL = "-Onone";
			};
			name = Debug;
		};
		7851A7C119C8775600540527 /* Release */ = {
			isa = XCBuildConfiguration;
			buildSettings = {
				ALWAYS_SEARCH_USER_PATHS = NO;
				CLANG_CXX_LANGUAGE_STANDARD = "gnu++0x";
				CLANG_CXX_LIBRARY = "libc++";
				CLANG_ENABLE_MODULES = YES;
				CLANG_ENABLE_OBJC_ARC = YES;
				CLANG_WARN_BOOL_CONVERSION = YES;
				CLANG_WARN_CONSTANT_CONVERSION = YES;
				CLANG_WARN_DIRECT_OBJC_ISA_USAGE = YES_ERROR;
				CLANG_WARN_EMPTY_BODY = YES;
				CLANG_WARN_ENUM_CONVERSION = YES;
				CLANG_WARN_INT_CONVERSION = YES;
				CLANG_WARN_OBJC_ROOT_CLASS = YES_ERROR;
				CLANG_WARN_UNREACHABLE_CODE = YES;
				CLANG_WARN__DUPLICATE_METHOD_MATCH = YES;
				"CODE_SIGN_IDENTITY[sdk=iphoneos*]" = "iPhone Developer";
				COPY_PHASE_STRIP = YES;
				ENABLE_NS_ASSERTIONS = NO;
				ENABLE_STRICT_OBJC_MSGSEND = YES;
				GCC_C_LANGUAGE_STANDARD = gnu99;
				GCC_WARN_64_TO_32_BIT_CONVERSION = YES;
				GCC_WARN_ABOUT_RETURN_TYPE = YES_ERROR;
				GCC_WARN_UNDECLARED_SELECTOR = YES;
				GCC_WARN_UNINITIALIZED_AUTOS = YES_AGGRESSIVE;
				GCC_WARN_UNUSED_FUNCTION = YES;
				GCC_WARN_UNUSED_VARIABLE = YES;
				IPHONEOS_DEPLOYMENT_TARGET = 8.0;
				MTL_ENABLE_DEBUG_INFO = NO;
				SDKROOT = iphoneos;
				VALIDATE_PRODUCT = YES;
			};
			name = Release;
		};
		7851A7C319C8775600540527 /* Debug */ = {
			isa = XCBuildConfiguration;
			buildSettings = {
				ASSETCATALOG_COMPILER_APPICON_NAME = AppIcon;
				INFOPLIST_FILE = RotateScreenPractice/Info.plist;
				LD_RUNPATH_SEARCH_PATHS = "$(inherited) @executable_path/Frameworks";
				PRODUCT_NAME = "$(TARGET_NAME)";
			};
			name = Debug;
		};
		7851A7C419C8775600540527 /* Release */ = {
			isa = XCBuildConfiguration;
			buildSettings = {
				ASSETCATALOG_COMPILER_APPICON_NAME = AppIcon;
				INFOPLIST_FILE = RotateScreenPractice/Info.plist;
				LD_RUNPATH_SEARCH_PATHS = "$(inherited) @executable_path/Frameworks";
				PRODUCT_NAME = "$(TARGET_NAME)";
			};
			name = Release;
		};
		7851A7C619C8775600540527 /* Debug */ = {
			isa = XCBuildConfiguration;
			buildSettings = {
				BUNDLE_LOADER = "$(TEST_HOST)";
				FRAMEWORK_SEARCH_PATHS = (
					"$(SDKROOT)/Developer/Library/Frameworks",
					"$(inherited)",
				);
				GCC_PREPROCESSOR_DEFINITIONS = (
					"DEBUG=1",
					"$(inherited)",
				);
				INFOPLIST_FILE = RotateScreenPracticeTests/Info.plist;
				LD_RUNPATH_SEARCH_PATHS = "$(inherited) @executable_path/Frameworks @loader_path/Frameworks";
				PRODUCT_NAME = "$(TARGET_NAME)";
				TEST_HOST = "$(BUILT_PRODUCTS_DIR)/RotateScreenPractice.app/RotateScreenPractice";
			};
			name = Debug;
		};
		7851A7C719C8775600540527 /* Release */ = {
			isa = XCBuildConfiguration;
			buildSettings = {
				BUNDLE_LOADER = "$(TEST_HOST)";
				FRAMEWORK_SEARCH_PATHS = (
					"$(SDKROOT)/Developer/Library/Frameworks",
					"$(inherited)",
				);
				INFOPLIST_FILE = RotateScreenPracticeTests/Info.plist;
				LD_RUNPATH_SEARCH_PATHS = "$(inherited) @executable_path/Frameworks @loader_path/Frameworks";
				PRODUCT_NAME = "$(TARGET_NAME)";
				TEST_HOST = "$(BUILT_PRODUCTS_DIR)/RotateScreenPractice.app/RotateScreenPractice";
			};
			name = Release;
		};
/* End XCBuildConfiguration section */

/* Begin XCConfigurationList section */
		7851A79B19C8775600540527 /* Build configuration list for PBXProject "RotateScreenPractice" */ = {
			isa = XCConfigurationList;
			buildConfigurations = (
				7851A7C019C8775600540527 /* Debug */,
				7851A7C119C8775600540527 /* Release */,
			);
			defaultConfigurationIsVisible = 0;
			defaultConfigurationName = Release;
		};
		7851A7C219C8775600540527 /* Build configuration list for PBXNativeTarget "RotateScreenPractice" */ = {
			isa = XCConfigurationList;
			buildConfigurations = (
				7851A7C319C8775600540527 /* Debug */,
				7851A7C419C8775600540527 /* Release */,
			);
			defaultConfigurationIsVisible = 0;
		};
		7851A7C519C8775600540527 /* Build configuration list for PBXNativeTarget "RotateScreenPracticeTests" */ = {
			isa = XCConfigurationList;
			buildConfigurations = (
				7851A7C619C8775600540527 /* Debug */,
				7851A7C719C8775600540527 /* Release */,
			);
			defaultConfigurationIsVisible = 0;
		};
/* End XCConfigurationList section */

/* Begin XCVersionGroup section */
		7851A7A719C8775600540527 /* RotateScreenPractice.xcdatamodeld */ = {
			isa = XCVersionGroup;
			children = (
				7851A7A819C8775600540527 /* RotateScreenPractice.xcdatamodel */,
			);
			currentVersion = 7851A7A819C8775600540527 /* RotateScreenPractice.xcdatamodel */;
			path = RotateScreenPractice.xcdatamodeld;
			sourceTree = "<group>";
			versionGroupType = wrapper.xcdatamodel;
		};
/* End XCVersionGroup section */
	};
	rootObject = 7851A79819C8775600540527 /* Project object */;
}
